{
  "requires": true,
  "lockfileVersion": 1,
  "dependencies": {
    "@types/lodash": {
      "version": "4.14.136",
      "resolved": "https://registry.npmjs.org/@types/lodash/-/lodash-4.14.136.tgz",
      "integrity": "sha512-0GJhzBdvsW2RUccNHOBkabI8HZVdOXmXbXhuKlDEd5Vv12P7oAVGfomGp3Ne21o5D/qu1WmthlNKFaoZJJeErA=="
    },
    "@types/screeps": {
      "version": "2.5.4",
      "resolved": "https://registry.npmjs.org/@types/screeps/-/screeps-2.5.4.tgz",
      "integrity": "sha512-rhrHSGF0CQAFlxjv1q20n7+jZrokl0nStUm0ZtXrZGQXr6MFCdD7TsQul0OMwSdnS4LuQ+SydW6+JbHKq/uPhQ=="
    }
  }
}
